
Microsoft Visual Studio Solution File, Format Version 12.00
# Visual Studio Version 17
VisualStudioVersion = 17.6.33801.468
MinimumVisualStudioVersion = 10.0.40219.1
Project("{9A19103F-16F7-4668-BE54-9A1E7A4F7556}") = "HostForWasmConsole", "HostForWasmConsole\HostForWasmConsole.csproj", "{FCA6EEBF-E562-4080-B14E-0653BA774887}"
EndProject
Project("{9A19103F-16F7-4668-BE54-9A1E7A4F7556}") = "WasmConsoleApp", "WasmConsoleApp\WasmConsoleApp.csproj", "{69C675EB-0EDF-4A72-A337-52D9F1DF62EF}"
EndProject
Project("{9A19103F-16F7-4668-BE54-9A1E7A4F7556}") = "Shared", "Shared\Shared.csproj", "{75C6D558-B482-4451-B86F-2888D642BDD4}"
EndProject
Global
	GlobalSection(SolutionConfigurationPlatforms) = preSolution
		Debug|Any CPU = Debug|Any CPU
		Release|Any CPU = Release|Any CPU
	EndGlobalSection
	GlobalSection(ProjectConfigurationPlatforms) = postSolution
		{FCA6EEBF-E562-4080-B14E-0653BA774887}.Debug|Any CPU.ActiveCfg = Debug|Any CPU
		{FCA6EEBF-E562-4080-B14E-0653BA774887}.Debug|Any CPU.Build.0 = Debug|Any CPU
		{FCA6EEBF-E562-4080-B14E-0653BA774887}.Release|Any CPU.ActiveCfg = Release|Any CPU
		{FCA6EEBF-E562-4080-B14E-0653BA774887}.Release|Any CPU.Build.0 = Release|Any CPU
		{69C675EB-0EDF-4A72-A337-52D9F1DF62EF}.Debug|Any CPU.ActiveCfg = Debug|Any CPU
		{69C675EB-0EDF-4A72-A337-52D9F1DF62EF}.Debug|Any CPU.Build.0 = Debug|Any CPU
		{69C675EB-0EDF-4A72-A337-52D9F1DF62EF}.Release|Any CPU.ActiveCfg = Release|Any CPU
		{69C675EB-0EDF-4A72-A337-52D9F1DF62EF}.Release|Any CPU.Build.0 = Release|Any CPU
		{75C6D558-B482-4451-B86F-2888D642BDD4}.Debug|Any CPU.ActiveCfg = Debug|Any CPU
		{75C6D558-B482-4451-B86F-2888D642BDD4}.Debug|Any CPU.Build.0 = Debug|Any CPU
		{75C6D558-B482-4451-B86F-2888D642BDD4}.Release|Any CPU.ActiveCfg = Release|Any CPU
		{75C6D558-B482-4451-B86F-2888D642BDD4}.Release|Any CPU.Build.0 = Release|Any CPU
	EndGlobalSection
	GlobalSection(SolutionProperties) = preSolution
		HideSolutionNode = FALSE
	EndGlobalSection
	GlobalSection(ExtensibilityGlobals) = postSolution
		SolutionGuid = {39AB9D5E-4F8B-4802-A837-3DA5384392B8}
	EndGlobalSection
EndGlobal
